{
  "version": 4,
  "terraform_version": "1.0.0",
  "serial": 4,
  "lineage": "e0694d49-b8b6-28cb-08a5-401ee098f710",
  "outputs": {
    "name1": {
      "value": 336,
      "type": "number"
    }
  },
  "resources": [
    {
      "mode": "managed",
      "type": "random_integer",
      "name": "rint",
      "provider": "provider[\"registry.terraform.io/hashicorp/random\"]",
      "instances": [
        {
          "schema_version": 0,
          "attributes": {
            "id": "336",
            "keepers": null,
            "max": 1000,
            "min": 50,
            "result": 336,
            "seed": null
          },
          "sensitive_attributes": [],
          "private": "bnVsbA=="
        }
      ]
    }
  ]
}
